
Microsoft Visual Studio Solution File, Format Version 12.00
# Visual Studio 15
VisualStudioVersion = 15.0.28307.168
MinimumVisualStudioVersion = 10.0.40219.1
Project("{FAE04EC0-301F-11D3-BF4B-00C04F79EFBC}") = "FirstWpfApp", "FirstWpfApp\FirstWpfApp.csproj", "{745E6A4E-E317-4288-9BAB-D53C3AD9A7CB}"
	ProjectSection(ProjectDependencies) = postProject
		{7E9199D5-6EA9-4791-94DD-20DB3464D13D} = {7E9199D5-6EA9-4791-94DD-20DB3464D13D}
	EndProjectSection
EndProject
Project("{FAE04EC0-301F-11D3-BF4B-00C04F79EFBC}") = "MenuWPF", "MenuWPF\MenuWPF.csproj", "{3FA672B9-0F42-48D0-9F53-867C8DD02264}"
EndProject
Project("{FAE04EC0-301F-11D3-BF4B-00C04F79EFBC}") = "PlayBoxWpf", "PlayBoxWpf\PlayBoxWpf.csproj", "{EAA4F340-0D5F-41DD-A76A-F46B08777D41}"
EndProject
Project("{FAE04EC0-301F-11D3-BF4B-00C04F79EFBC}") = "ExerciseWpf", "ExerciseWpf\ExerciseWpf.csproj", "{CC73E348-7BD7-42E4-B6F9-2C0399479EA6}"
EndProject
Project("{2150E333-8FDC-42A3-9474-1A3956D46DE8}") = "WpfBasics", "WpfBasics", "{6D9DC8F8-2243-4208-B719-D57DD28ACBCE}"
EndProject
Project("{2150E333-8FDC-42A3-9474-1A3956D46DE8}") = "Wpf", "Wpf", "{049D14E2-BF31-4225-9F86-0CBC5BD682A4}"
EndProject
Project("{2150E333-8FDC-42A3-9474-1A3956D46DE8}") = "TreeViewsandValueConverters", "TreeViewsandValueConverters", "{A0D00735-587A-4356-B679-C1276D48DFF0}"
EndProject
Project("{FAE04EC0-301F-11D3-BF4B-00C04F79EFBC}") = "WpfTreeView", "TreeViewsAndValueConverters\WpfTreeView\WpfTreeView.csproj", "{8A071E7E-F10D-4AB4-B6EF-9069D8D0B2F4}"
EndProject
Project("{FAE04EC0-301F-11D3-BF4B-00C04F79EFBC}") = "WpfTreeView", "TreeViewsSimpleViewModel\WpfTreeView\WpfTreeView.csproj", "{CF8E38B6-1BAC-49EA-ACF8-2EF52ACEC7B1}"
EndProject
Project("{2150E333-8FDC-42A3-9474-1A3956D46DE8}") = "TreeViewsSimpleViewModel", "TreeViewsSimpleViewModel", "{B73BC4C1-F5C0-4415-B775-EB24DB74E6A0}"
EndProject
Project("{2150E333-8FDC-42A3-9474-1A3956D46DE8}") = "Graphics", "Graphics", "{B57FD98E-D6AD-4FFD-815A-CDA75ED76150}"
EndProject
Project("{2150E333-8FDC-42A3-9474-1A3956D46DE8}") = "WpfGraphics", "WpfGraphics", "{5FBBC36B-829D-4317-9F48-7027CD67FA7A}"
EndProject
Project("{FAE04EC0-301F-11D3-BF4B-00C04F79EFBC}") = "WpfGraphicsBasics", "WpfGraphicsBasics\WpfGraphicsBasics.csproj", "{219C93E1-43D2-45DA-8393-929A36E689B1}"
EndProject
Project("{2150E333-8FDC-42A3-9474-1A3956D46DE8}") = "library", "library", "{06AB1A28-FD13-49D3-ACD5-FDA20ABBAA51}"
EndProject
Project("{FAE04EC0-301F-11D3-BF4B-00C04F79EFBC}") = "library", "library\library.csproj", "{7E9199D5-6EA9-4791-94DD-20DB3464D13D}"
EndProject
Project("{FAE04EC0-301F-11D3-BF4B-00C04F79EFBC}") = "TestTheLibrary", "TestTheLibrary\TestTheLibrary.csproj", "{79535AED-65DA-4145-A0CE-B297258D7816}"
EndProject
Project("{FAE04EC0-301F-11D3-BF4B-00C04F79EFBC}") = "TestTheLibraryForm", "TestTheLibraryForm\TestTheLibraryForm.csproj", "{D31DF1C4-5E1B-4F89-8A2D-399262F1C494}"
EndProject
Project("{2150E333-8FDC-42A3-9474-1A3956D46DE8}") = "Resimler", "Resimler", "{1C326E31-2370-4A60-8685-19449210D24E}"
	ProjectSection(SolutionItems) = preProject
		library\gradient-palette.jpg = library\gradient-palette.jpg
	EndProjectSection
EndProject
Project("{2150E333-8FDC-42A3-9474-1A3956D46DE8}") = "HeatMapDotnet", "HeatMapDotnet", "{5855484A-085D-4C5F-BB82-3C7C78A9DCAD}"
EndProject
Project("{FAE04EC0-301F-11D3-BF4B-00C04F79EFBC}") = "HeatMapTester", "heatmapdotnet\HeatMapTester\HeatMapTester.csproj", "{EB8255A1-D309-444B-9E6D-53E017BDC72E}"
EndProject
Project("{FAE04EC0-301F-11D3-BF4B-00C04F79EFBC}") = "HeatMap.NET", "heatmapdotnet\HeatMap.NET\HeatMap.NET.csproj", "{5E41DFFB-FAEA-49BB-8587-943330C70692}"
EndProject
Project("{2150E333-8FDC-42A3-9474-1A3956D46DE8}") = "MyLibrary", "MyLibrary", "{877E19B2-F6B7-429F-B583-4ABDFA2B6968}"
EndProject
Global
	GlobalSection(SolutionConfigurationPlatforms) = preSolution
		Debug|Any CPU = Debug|Any CPU
		Release|Any CPU = Release|Any CPU
	EndGlobalSection
	GlobalSection(ProjectConfigurationPlatforms) = postSolution
		{745E6A4E-E317-4288-9BAB-D53C3AD9A7CB}.Debug|Any CPU.ActiveCfg = Debug|Any CPU
		{745E6A4E-E317-4288-9BAB-D53C3AD9A7CB}.Debug|Any CPU.Build.0 = Debug|Any CPU
		{745E6A4E-E317-4288-9BAB-D53C3AD9A7CB}.Release|Any CPU.ActiveCfg = Release|Any CPU
		{745E6A4E-E317-4288-9BAB-D53C3AD9A7CB}.Release|Any CPU.Build.0 = Release|Any CPU
		{3FA672B9-0F42-48D0-9F53-867C8DD02264}.Debug|Any CPU.ActiveCfg = Debug|Any CPU
		{3FA672B9-0F42-48D0-9F53-867C8DD02264}.Debug|Any CPU.Build.0 = Debug|Any CPU
		{3FA672B9-0F42-48D0-9F53-867C8DD02264}.Release|Any CPU.ActiveCfg = Release|Any CPU
		{3FA672B9-0F42-48D0-9F53-867C8DD02264}.Release|Any CPU.Build.0 = Release|Any CPU
		{EAA4F340-0D5F-41DD-A76A-F46B08777D41}.Debug|Any CPU.ActiveCfg = Debug|Any CPU
		{EAA4F340-0D5F-41DD-A76A-F46B08777D41}.Debug|Any CPU.Build.0 = Debug|Any CPU
		{EAA4F340-0D5F-41DD-A76A-F46B08777D41}.Release|Any CPU.ActiveCfg = Release|Any CPU
		{EAA4F340-0D5F-41DD-A76A-F46B08777D41}.Release|Any CPU.Build.0 = Release|Any CPU
		{CC73E348-7BD7-42E4-B6F9-2C0399479EA6}.Debug|Any CPU.ActiveCfg = Debug|Any CPU
		{CC73E348-7BD7-42E4-B6F9-2C0399479EA6}.Debug|Any CPU.Build.0 = Debug|Any CPU
		{CC73E348-7BD7-42E4-B6F9-2C0399479EA6}.Release|Any CPU.ActiveCfg = Release|Any CPU
		{CC73E348-7BD7-42E4-B6F9-2C0399479EA6}.Release|Any CPU.Build.0 = Release|Any CPU
		{8A071E7E-F10D-4AB4-B6EF-9069D8D0B2F4}.Debug|Any CPU.ActiveCfg = Debug|Any CPU
		{8A071E7E-F10D-4AB4-B6EF-9069D8D0B2F4}.Debug|Any CPU.Build.0 = Debug|Any CPU
		{8A071E7E-F10D-4AB4-B6EF-9069D8D0B2F4}.Release|Any CPU.ActiveCfg = Release|Any CPU
		{8A071E7E-F10D-4AB4-B6EF-9069D8D0B2F4}.Release|Any CPU.Build.0 = Release|Any CPU
		{CF8E38B6-1BAC-49EA-ACF8-2EF52ACEC7B1}.Debug|Any CPU.ActiveCfg = Debug|Any CPU
		{CF8E38B6-1BAC-49EA-ACF8-2EF52ACEC7B1}.Debug|Any CPU.Build.0 = Debug|Any CPU
		{CF8E38B6-1BAC-49EA-ACF8-2EF52ACEC7B1}.Release|Any CPU.ActiveCfg = Release|Any CPU
		{CF8E38B6-1BAC-49EA-ACF8-2EF52ACEC7B1}.Release|Any CPU.Build.0 = Release|Any CPU
		{219C93E1-43D2-45DA-8393-929A36E689B1}.Debug|Any CPU.ActiveCfg = Debug|Any CPU
		{219C93E1-43D2-45DA-8393-929A36E689B1}.Debug|Any CPU.Build.0 = Debug|Any CPU
		{219C93E1-43D2-45DA-8393-929A36E689B1}.Release|Any CPU.ActiveCfg = Release|Any CPU
		{219C93E1-43D2-45DA-8393-929A36E689B1}.Release|Any CPU.Build.0 = Release|Any CPU
		{7E9199D5-6EA9-4791-94DD-20DB3464D13D}.Debug|Any CPU.ActiveCfg = Debug|Any CPU
		{7E9199D5-6EA9-4791-94DD-20DB3464D13D}.Debug|Any CPU.Build.0 = Debug|Any CPU
		{7E9199D5-6EA9-4791-94DD-20DB3464D13D}.Release|Any CPU.ActiveCfg = Release|Any CPU
		{7E9199D5-6EA9-4791-94DD-20DB3464D13D}.Release|Any CPU.Build.0 = Release|Any CPU
		{79535AED-65DA-4145-A0CE-B297258D7816}.Debug|Any CPU.ActiveCfg = Debug|Any CPU
		{79535AED-65DA-4145-A0CE-B297258D7816}.Debug|Any CPU.Build.0 = Debug|Any CPU
		{79535AED-65DA-4145-A0CE-B297258D7816}.Release|Any CPU.ActiveCfg = Release|Any CPU
		{79535AED-65DA-4145-A0CE-B297258D7816}.Release|Any CPU.Build.0 = Release|Any CPU
		{D31DF1C4-5E1B-4F89-8A2D-399262F1C494}.Debug|Any CPU.ActiveCfg = Debug|Any CPU
		{D31DF1C4-5E1B-4F89-8A2D-399262F1C494}.Debug|Any CPU.Build.0 = Debug|Any CPU
		{D31DF1C4-5E1B-4F89-8A2D-399262F1C494}.Release|Any CPU.ActiveCfg = Release|Any CPU
		{D31DF1C4-5E1B-4F89-8A2D-399262F1C494}.Release|Any CPU.Build.0 = Release|Any CPU
		{EB8255A1-D309-444B-9E6D-53E017BDC72E}.Debug|Any CPU.ActiveCfg = Debug|Any CPU
		{EB8255A1-D309-444B-9E6D-53E017BDC72E}.Debug|Any CPU.Build.0 = Debug|Any CPU
		{EB8255A1-D309-444B-9E6D-53E017BDC72E}.Release|Any CPU.ActiveCfg = Release|Any CPU
		{EB8255A1-D309-444B-9E6D-53E017BDC72E}.Release|Any CPU.Build.0 = Release|Any CPU
		{5E41DFFB-FAEA-49BB-8587-943330C70692}.Debug|Any CPU.ActiveCfg = Debug|Any CPU
		{5E41DFFB-FAEA-49BB-8587-943330C70692}.Debug|Any CPU.Build.0 = Debug|Any CPU
		{5E41DFFB-FAEA-49BB-8587-943330C70692}.Release|Any CPU.ActiveCfg = Release|Any CPU
		{5E41DFFB-FAEA-49BB-8587-943330C70692}.Release|Any CPU.Build.0 = Release|Any CPU
	EndGlobalSection
	GlobalSection(SolutionProperties) = preSolution
		HideSolutionNode = FALSE
	EndGlobalSection
	GlobalSection(NestedProjects) = preSolution
		{745E6A4E-E317-4288-9BAB-D53C3AD9A7CB} = {6D9DC8F8-2243-4208-B719-D57DD28ACBCE}
		{3FA672B9-0F42-48D0-9F53-867C8DD02264} = {6D9DC8F8-2243-4208-B719-D57DD28ACBCE}
		{EAA4F340-0D5F-41DD-A76A-F46B08777D41} = {6D9DC8F8-2243-4208-B719-D57DD28ACBCE}
		{CC73E348-7BD7-42E4-B6F9-2C0399479EA6} = {6D9DC8F8-2243-4208-B719-D57DD28ACBCE}
		{6D9DC8F8-2243-4208-B719-D57DD28ACBCE} = {049D14E2-BF31-4225-9F86-0CBC5BD682A4}
		{A0D00735-587A-4356-B679-C1276D48DFF0} = {049D14E2-BF31-4225-9F86-0CBC5BD682A4}
		{8A071E7E-F10D-4AB4-B6EF-9069D8D0B2F4} = {A0D00735-587A-4356-B679-C1276D48DFF0}
		{CF8E38B6-1BAC-49EA-ACF8-2EF52ACEC7B1} = {B73BC4C1-F5C0-4415-B775-EB24DB74E6A0}
		{B73BC4C1-F5C0-4415-B775-EB24DB74E6A0} = {049D14E2-BF31-4225-9F86-0CBC5BD682A4}
		{5FBBC36B-829D-4317-9F48-7027CD67FA7A} = {B57FD98E-D6AD-4FFD-815A-CDA75ED76150}
		{219C93E1-43D2-45DA-8393-929A36E689B1} = {5FBBC36B-829D-4317-9F48-7027CD67FA7A}
		{7E9199D5-6EA9-4791-94DD-20DB3464D13D} = {877E19B2-F6B7-429F-B583-4ABDFA2B6968}
		{79535AED-65DA-4145-A0CE-B297258D7816} = {877E19B2-F6B7-429F-B583-4ABDFA2B6968}
		{D31DF1C4-5E1B-4F89-8A2D-399262F1C494} = {877E19B2-F6B7-429F-B583-4ABDFA2B6968}
		{1C326E31-2370-4A60-8685-19449210D24E} = {06AB1A28-FD13-49D3-ACD5-FDA20ABBAA51}
		{5855484A-085D-4C5F-BB82-3C7C78A9DCAD} = {06AB1A28-FD13-49D3-ACD5-FDA20ABBAA51}
		{EB8255A1-D309-444B-9E6D-53E017BDC72E} = {5855484A-085D-4C5F-BB82-3C7C78A9DCAD}
		{5E41DFFB-FAEA-49BB-8587-943330C70692} = {5855484A-085D-4C5F-BB82-3C7C78A9DCAD}
		{877E19B2-F6B7-429F-B583-4ABDFA2B6968} = {06AB1A28-FD13-49D3-ACD5-FDA20ABBAA51}
	EndGlobalSection
	GlobalSection(ExtensibilityGlobals) = postSolution
		SolutionGuid = {80D7EC5A-CBF6-47A7-B0A6-CBAA0AA9751E}
	EndGlobalSection
EndGlobal
